<Solution>
  <Project Path="EmployeeManagement.Api/EmployeeManagement.Api.csproj" />
  <Project Path="EmployeeManagement.Core/EmployeeManagement.Core.csproj" />
  <Project Path="EmployeeManagement.Infrastructure/EmployeeManagement.Infrastructure.csproj" />
  <Project Path="EmployeeManagement.Web/EmployeeManagement.Web.csproj" />
</Solution>
